
Microsoft Visual Studio Solution File, Format Version 12.00
# Visual Studio Version 16
VisualStudioVersion = 25.0.1704.0
MinimumVisualStudioVersion = 10.0.40219.1
Project("{9344BDBB-3E7F-41FC-A0DD-8665D75EE146}") = "adapter", "adapter\adapter.csproj", "{CFEC7D75-A6A4-4414-9F61-87DC2F4A0B5A}"
EndProject
Project("{FAE04EC0-301F-11D3-BF4B-00C04F79EFBC}") = "template_method", "template_method\template_method.csproj", "{6AF4350B-FE89-4718-ABCB-CFA9FCE6D174}"
EndProject
Project("{FAE04EC0-301F-11D3-BF4B-00C04F79EFBC}") = "Iterator", "Iterator\Iterator.csproj", "{0962B7EB-F552-44DD-9783-1F9E8A7F1A19}"
EndProject
Project("{FAE04EC0-301F-11D3-BF4B-00C04F79EFBC}") = "FactoryMethod", "FactoryMethod\FactoryMethod.csproj", "{DF19E2FC-AFA7-4CA9-A0E8-A43DC45B10F5}"
EndProject
Project("{FAE04EC0-301F-11D3-BF4B-00C04F79EFBC}") = "Singleton", "Singleton\Singleton.csproj", "{A130BED6-000F-4112-B99D-C45A9F733A8A}"
EndProject
Global
	GlobalSection(SolutionConfigurationPlatforms) = preSolution
		Debug|Any CPU = Debug|Any CPU
		Release|Any CPU = Release|Any CPU
	EndGlobalSection
	GlobalSection(ProjectConfigurationPlatforms) = postSolution
		{CFEC7D75-A6A4-4414-9F61-87DC2F4A0B5A}.Debug|Any CPU.ActiveCfg = Debug|Any CPU
		{CFEC7D75-A6A4-4414-9F61-87DC2F4A0B5A}.Debug|Any CPU.Build.0 = Debug|Any CPU
		{CFEC7D75-A6A4-4414-9F61-87DC2F4A0B5A}.Release|Any CPU.ActiveCfg = Release|Any CPU
		{CFEC7D75-A6A4-4414-9F61-87DC2F4A0B5A}.Release|Any CPU.Build.0 = Release|Any CPU
		{6AF4350B-FE89-4718-ABCB-CFA9FCE6D174}.Debug|Any CPU.ActiveCfg = Debug|Any CPU
		{6AF4350B-FE89-4718-ABCB-CFA9FCE6D174}.Debug|Any CPU.Build.0 = Debug|Any CPU
		{6AF4350B-FE89-4718-ABCB-CFA9FCE6D174}.Release|Any CPU.ActiveCfg = Release|Any CPU
		{6AF4350B-FE89-4718-ABCB-CFA9FCE6D174}.Release|Any CPU.Build.0 = Release|Any CPU
		{0962B7EB-F552-44DD-9783-1F9E8A7F1A19}.Debug|Any CPU.ActiveCfg = Debug|Any CPU
		{0962B7EB-F552-44DD-9783-1F9E8A7F1A19}.Debug|Any CPU.Build.0 = Debug|Any CPU
		{0962B7EB-F552-44DD-9783-1F9E8A7F1A19}.Release|Any CPU.ActiveCfg = Release|Any CPU
		{0962B7EB-F552-44DD-9783-1F9E8A7F1A19}.Release|Any CPU.Build.0 = Release|Any CPU
		{DF19E2FC-AFA7-4CA9-A0E8-A43DC45B10F5}.Debug|Any CPU.ActiveCfg = Debug|Any CPU
		{DF19E2FC-AFA7-4CA9-A0E8-A43DC45B10F5}.Debug|Any CPU.Build.0 = Debug|Any CPU
		{DF19E2FC-AFA7-4CA9-A0E8-A43DC45B10F5}.Release|Any CPU.ActiveCfg = Release|Any CPU
		{DF19E2FC-AFA7-4CA9-A0E8-A43DC45B10F5}.Release|Any CPU.Build.0 = Release|Any CPU
		{A130BED6-000F-4112-B99D-C45A9F733A8A}.Debug|Any CPU.ActiveCfg = Debug|Any CPU
		{A130BED6-000F-4112-B99D-C45A9F733A8A}.Debug|Any CPU.Build.0 = Debug|Any CPU
		{A130BED6-000F-4112-B99D-C45A9F733A8A}.Release|Any CPU.ActiveCfg = Release|Any CPU
		{A130BED6-000F-4112-B99D-C45A9F733A8A}.Release|Any CPU.Build.0 = Release|Any CPU
	EndGlobalSection
	GlobalSection(SolutionProperties) = preSolution
		HideSolutionNode = FALSE
	EndGlobalSection
	GlobalSection(ExtensibilityGlobals) = postSolution
		SolutionGuid = {3C825513-801A-4FA7-88A4-54145E3510E0}
	EndGlobalSection
EndGlobal
